// !$*UTF8*$!
{
	archiveVersion = 1;
	classes = {
	};
	objectVersion = 46;
	objects = {

/* Begin PBXBuildFile section */
		CA0FEAE515D15D3E00A6878F /* UIKit.framework in Frameworks */ = {isa = PBXBuildFile; fileRef = CA0FEAE415D15D3E00A6878F /* UIKit.framework */; };
		CA0FEAE715D15D3E00A6878F /* Foundation.framework in Frameworks */ = {isa = PBXBuildFile; fileRef = CA0FEAE615D15D3E00A6878F /* Foundation.framework */; };
		CA0FEAE915D15D3E00A6878F /* CoreGraphics.framework in Frameworks */ = {isa = PBXBuildFile; fileRef = CA0FEAE815D15D3E00A6878F /* CoreGraphics.framework */; };
		CA0FEAEF15D15D3E00A6878F /* InfoPlist.strings in Resources */ = {isa = PBXBuildFile; fileRef = CA0FEAED15D15D3E00A6878F /* InfoPlist.strings */; };
		CA0FEAF115D15D3E00A6878F /* main.m in Sources */ = {isa = PBXBuildFile; fileRef = CA0FEAF015D15D3E00A6878F /* main.m */; };
		CA0FEAF515D15D3E00A6878F /* AppDelegate.m in Sources */ = {isa = PBXBuildFile; fileRef = CA0FEAF415D15D3E00A6878F /* AppDelegate.m */; };
		CA0FEAF815D15D3E00A6878F /* MainStoryboard.storyboard in Resources */ = {isa = PBXBuildFile; fileRef = CA0FEAF615D15D3E00A6878F /* MainStoryboard.storyboard */; };
		CA0FEAFB15D15D3E00A6878F /* ViewController.m in Sources */ = {isa = PBXBuildFile; fileRef = CA0FEAFA15D15D3E00A6878F /* ViewController.m */; };
		CA0FEB0315D1620B00A6878F /* EditorViewController.m in Sources */ = {isa = PBXBuildFile; fileRef = CA0FEB0215D1620B00A6878F /* EditorViewController.m */; };
/* End PBXBuildFile section */

/* Begin PBXFileReference section */
		CA0FEAE015D15D3E00A6878F /* PopoverEditor.app */ = {isa = PBXFileReference; explicitFileType = wrapper.application; includeInIndex = 0; path = PopoverEditor.app; sourceTree = BUILT_PRODUCTS_DIR; };
		CA0FEAE415D15D3E00A6878F /* UIKit.framework */ = {isa = PBXFileReference; lastKnownFileType = wrapper.framework; name = UIKit.framework; path = System/Library/Frameworks/UIKit.framework; sourceTree = SDKROOT; };
		CA0FEAE615D15D3E00A6878F /* Foundation.framework */ = {isa = PBXFileReference; lastKnownFileType = wrapper.framework; name = Foundation.framework; path = System/Library/Frameworks/Foundation.framework; sourceTree = SDKROOT; };
		CA0FEAE815D15D3E00A6878F /* CoreGraphics.framework */ = {isa = PBXFileReference; lastKnownFileType = wrapper.framework; name = CoreGraphics.framework; path = System/Library/Frameworks/CoreGraphics.framework; sourceTree = SDKROOT; };
		CA0FEAEC15D15D3E00A6878F /* PopoverEditor-Info.plist */ = {isa = PBXFileReference; lastKnownFileType = text.plist.xml; path = "PopoverEditor-Info.plist"; sourceTree = "<group>"; };
		CA0FEAEE15D15D3E00A6878F /* en */ = {isa = PBXFileReference; lastKnownFileType = text.plist.strings; name = en; path = en.lproj/InfoPlist.strings; sourceTree = "<group>"; };
		CA0FEAF015D15D3E00A6878F /* main.m */ = {isa = PBXFileReference; lastKnownFileType = sourcecode.c.objc; path = main.m; sourceTree = "<group>"; };
		CA0FEAF215D15D3E00A6878F /* PopoverEditor-Prefix.pch */ = {isa = PBXFileReference; lastKnownFileType = sourcecode.c.h; path = "PopoverEditor-Prefix.pch"; sourceTree = "<group>"; };
		CA0FEAF315D15D3E00A6878F /* AppDelegate.h */ = {isa = PBXFileReference; lastKnownFileType = sourcecode.c.h; path = AppDelegate.h; sourceTree = "<group>"; };
		CA0FEAF415D15D3E00A6878F /* AppDelegate.m */ = {isa = PBXFileReference; lastKnownFileType = sourcecode.c.objc; path = AppDelegate.m; sourceTree = "<group>"; };
		CA0FEAF715D15D3E00A6878F /* en */ = {isa = PBXFileReference; lastKnownFileType = file.storyboard; name = en; path = en.lproj/MainStoryboard.storyboard; sourceTree = "<group>"; };
		CA0FEAF915D15D3E00A6878F /* ViewController.h */ = {isa = PBXFileReference; lastKnownFileType = sourcecode.c.h; path = ViewController.h; sourceTree = "<group>"; };
		CA0FEAFA15D15D3E00A6878F /* ViewController.m */ = {isa = PBXFileReference; lastKnownFileType = sourcecode.c.objc; path = ViewController.m; sourceTree = "<group>"; };
		CA0FEB0115D1620B00A6878F /* EditorViewController.h */ = {isa = PBXFileReference; fileEncoding = 4; lastKnownFileType = sourcecode.c.h; path = EditorViewController.h; sourceTree = "<group>"; };
		CA0FEB0215D1620B00A6878F /* EditorViewController.m */ = {isa = PBXFileReference; fileEncoding = 4; lastKnownFileType = sourcecode.c.objc; path = EditorViewController.m; sourceTree = "<group>"; };
/* End PBXFileReference section */

/* Begin PBXFrameworksBuildPhase section */
		CA0FEADD15D15D3E00A6878F /* Frameworks */ = {
			isa = PBXFrameworksBuildPhase;
			buildActionMask = 2147483647;
			files = (
				CA0FEAE515D15D3E00A6878F /* UIKit.framework in Frameworks */,
				CA0FEAE715D15D3E00A6878F /* Foundation.framework in Frameworks */,
				CA0FEAE915D15D3E00A6878F /* CoreGraphics.framework in Frameworks */,
			);
			runOnlyForDeploymentPostprocessing = 0;
		};
/* End PBXFrameworksBuildPhase section */

/* Begin PBXGroup section */
		CA0FEAD515D15D3E00A6878F = {
			isa = PBXGroup;
			children = (
				CA0FEAEA15D15D3E00A6878F /* PopoverEditor */,
				CA0FEAE315D15D3E00A6878F /* Frameworks */,
				CA0FEAE115D15D3E00A6878F /* Products */,
			);
			sourceTree = "<group>";
		};
		CA0FEAE115D15D3E00A6878F /* Products */ = {
			isa = PBXGroup;
			children = (
				CA0FEAE015D15D3E00A6878F /* PopoverEditor.app */,
			);
			name = Products;
			sourceTree = "<group>";
		};
		CA0FEAE315D15D3E00A6878F /* Frameworks */ = {
			isa = PBXGroup;
			children = (
				CA0FEAE415D15D3E00A6878F /* UIKit.framework */,
				CA0FEAE615D15D3E00A6878F /* Foundation.framework */,
				CA0FEAE815D15D3E00A6878F /* CoreGraphics.framework */,
			);
			name = Frameworks;
			sourceTree = "<group>";
		};
		CA0FEAEA15D15D3E00A6878F /* PopoverEditor */ = {
			isa = PBXGroup;
			children = (
				CA0FEAF315D15D3E00A6878F /* AppDelegate.h */,
				CA0FEAF415D15D3E00A6878F /* AppDelegate.m */,
				CA0FEAF615D15D3E00A6878F /* MainStoryboard.storyboard */,
				CA0FEB0115D1620B00A6878F /* EditorViewController.h */,
				CA0FEB0215D1620B00A6878F /* EditorViewController.m */,
				CA0FEAF915D15D3E00A6878F /* ViewController.h */,
				CA0FEAFA15D15D3E00A6878F /* ViewController.m */,
				CA0FEAEB15D15D3E00A6878F /* Supporting Files */,
			);
			path = PopoverEditor;
			sourceTree = "<group>";
		};
		CA0FEAEB15D15D3E00A6878F /* Supporting Files */ = {
			isa = PBXGroup;
			children = (
				CA0FEAEC15D15D3E00A6878F /* PopoverEditor-Info.plist */,
				CA0FEAED15D15D3E00A6878F /* InfoPlist.strings */,
				CA0FEAF015D15D3E00A6878F /* main.m */,
				CA0FEAF215D15D3E00A6878F /* PopoverEditor-Prefix.pch */,
			);
			name = "Supporting Files";
			sourceTree = "<group>";
		};
/* End PBXGroup section */

/* Begin PBXNativeTarget section */
		CA0FEADF15D15D3E00A6878F /* PopoverEditor */ = {
			isa = PBXNativeTarget;
			buildConfigurationList = CA0FEAFE15D15D3E00A6878F /* Build configuration list for PBXNativeTarget "PopoverEditor" */;
			buildPhases = (
				CA0FEADC15D15D3E00A6878F /* Sources */,
				CA0FEADD15D15D3E00A6878F /* Frameworks */,
				CA0FEADE15D15D3E00A6878F /* Resources */,
			);
			buildRules = (
			);
			dependencies = (
			);
			name = PopoverEditor;
			productName = PopoverEditor;
			productReference = CA0FEAE015D15D3E00A6878F /* PopoverEditor.app */;
			productType = "com.apple.product-type.application";
		};
/* End PBXNativeTarget section */

/* Begin PBXProject section */
		CA0FEAD715D15D3E00A6878F /* Project object */ = {
			isa = PBXProject;
			attributes = {
				LastUpgradeCheck = 0440;
				ORGANIZATIONNAME = "Mason Mei";
			};
			buildConfigurationList = CA0FEADA15D15D3E00A6878F /* Build configuration list for PBXProject "PopoverEditor" */;
			compatibilityVersion = "Xcode 3.2";
			developmentRegion = English;
			hasScannedForEncodings = 0;
			knownRegions = (
				en,
			);
			mainGroup = CA0FEAD515D15D3E00A6878F;
			productRefGroup = CA0FEAE115D15D3E00A6878F /* Products */;
			projectDirPath = "";
			projectRoot = "";
			targets = (
				CA0FEADF15D15D3E00A6878F /* PopoverEditor */,
			);
		};
/* End PBXProject section */

/* Begin PBXResourcesBuildPhase section */
		CA0FEADE15D15D3E00A6878F /* Resources */ = {
			isa = PBXResourcesBuildPhase;
			buildActionMask = 2147483647;
			files = (
				CA0FEAEF15D15D3E00A6878F /* InfoPlist.strings in Resources */,
				CA0FEAF815D15D3E00A6878F /* MainStoryboard.storyboard in Resources */,
			);
			runOnlyForDeploymentPostprocessing = 0;
		};
/* End PBXResourcesBuildPhase section */

/* Begin PBXSourcesBuildPhase section */
		CA0FEADC15D15D3E00A6878F /* Sources */ = {
			isa = PBXSourcesBuildPhase;
			buildActionMask = 2147483647;
			files = (
				CA0FEAF115D15D3E00A6878F /* main.m in Sources */,
				CA0FEAF515D15D3E00A6878F /* AppDelegate.m in Sources */,
				CA0FEAFB15D15D3E00A6878F /* ViewController.m in Sources */,
				CA0FEB0315D1620B00A6878F /* EditorViewController.m in Sources */,
			);
			runOnlyForDeploymentPostprocessing = 0;
		};
/* End PBXSourcesBuildPhase section */

/* Begin PBXVariantGroup section */
		CA0FEAED15D15D3E00A6878F /* InfoPlist.strings */ = {
			isa = PBXVariantGroup;
			children = (
				CA0FEAEE15D15D3E00A6878F /* en */,
			);
			name = InfoPlist.strings;
			sourceTree = "<group>";
		};
		CA0FEAF615D15D3E00A6878F /* MainStoryboard.storyboard */ = {
			isa = PBXVariantGroup;
			children = (
				CA0FEAF715D15D3E00A6878F /* en */,
			);
			name = MainStoryboard.storyboard;
			sourceTree = "<group>";
		};
/* End PBXVariantGroup section */

/* Begin XCBuildConfiguration section */
		CA0FEAFC15D15D3E00A6878F /* Debug */ = {
			isa = XCBuildConfiguration;
			buildSettings = {
				ALWAYS_SEARCH_USER_PATHS = NO;
				ARCHS = "$(ARCHS_STANDARD_32_BIT)";
				CLANG_CXX_LANGUAGE_STANDARD = "gnu++0x";
				CLANG_ENABLE_OBJC_ARC = YES;
				CLANG_WARN__DUPLICATE_METHOD_MATCH = YES;
				"CODE_SIGN_IDENTITY[sdk=iphoneos*]" = "iPhone Developer";
				COPY_PHASE_STRIP = NO;
				GCC_C_LANGUAGE_STANDARD = gnu99;
				GCC_DYNAMIC_NO_PIC = NO;
				GCC_OPTIMIZATION_LEVEL = 0;
				GCC_PREPROCESSOR_DEFINITIONS = (
					"DEBUG=1",
					"$(inherited)",
				);
				GCC_SYMBOLS_PRIVATE_EXTERN = NO;
				GCC_VERSION = com.apple.compilers.llvm.clang.1_0;
				GCC_WARN_ABOUT_RETURN_TYPE = YES;
				GCC_WARN_UNINITIALIZED_AUTOS = YES;
				GCC_WARN_UNUSED_VARIABLE = YES;
				IPHONEOS_DEPLOYMENT_TARGET = 5.1;
				SDKROOT = iphoneos;
				TARGETED_DEVICE_FAMILY = 2;
			};
			name = Debug;
		};
		CA0FEAFD15D15D3E00A6878F /* Release */ = {
			isa = XCBuildConfiguration;
			buildSettings = {
				ALWAYS_SEARCH_USER_PATHS = NO;
				ARCHS = "$(ARCHS_STANDARD_32_BIT)";
				CLANG_CXX_LANGUAGE_STANDARD = "gnu++0x";
				CLANG_ENABLE_OBJC_ARC = YES;
				CLANG_WARN__DUPLICATE_METHOD_MATCH = YES;
				"CODE_SIGN_IDENTITY[sdk=iphoneos*]" = "iPhone Developer";
				COPY_PHASE_STRIP = YES;
				GCC_C_LANGUAGE_STANDARD = gnu99;
				GCC_VERSION = com.apple.compilers.llvm.clang.1_0;
				GCC_WARN_ABOUT_RETURN_TYPE = YES;
				GCC_WARN_UNINITIALIZED_AUTOS = YES;
				GCC_WARN_UNUSED_VARIABLE = YES;
				IPHONEOS_DEPLOYMENT_TARGET = 5.1;
				OTHER_CFLAGS = "-DNS_BLOCK_ASSERTIONS=1";
				SDKROOT = iphoneos;
				TARGETED_DEVICE_FAMILY = 2;
				VALIDATE_PRODUCT = YES;
			};
			name = Release;
		};
		CA0FEAFF15D15D3E00A6878F /* Debug */ = {
			isa = XCBuildConfiguration;
			buildSettings = {
				GCC_PRECOMPILE_PREFIX_HEADER = YES;
				GCC_PREFIX_HEADER = "PopoverEditor/PopoverEditor-Prefix.pch";
				INFOPLIST_FILE = "PopoverEditor/PopoverEditor-Info.plist";
				PRODUCT_NAME = "$(TARGET_NAME)";
				WRAPPER_EXTENSION = app;
			};
			name = Debug;
		};
		CA0FEB0015D15D3E00A6878F /* Release */ = {
			isa = XCBuildConfiguration;
			buildSettings = {
				GCC_PRECOMPILE_PREFIX_HEADER = YES;
				GCC_PREFIX_HEADER = "PopoverEditor/PopoverEditor-Prefix.pch";
				INFOPLIST_FILE = "PopoverEditor/PopoverEditor-Info.plist";
				PRODUCT_NAME = "$(TARGET_NAME)";
				WRAPPER_EXTENSION = app;
			};
			name = Release;
		};
/* End XCBuildConfiguration section */

/* Begin XCConfigurationList section */
		CA0FEADA15D15D3E00A6878F /* Build configuration list for PBXProject "PopoverEditor" */ = {
			isa = XCConfigurationList;
			buildConfigurations = (
				CA0FEAFC15D15D3E00A6878F /* Debug */,
				CA0FEAFD15D15D3E00A6878F /* Release */,
			);
			defaultConfigurationIsVisible = 0;
			defaultConfigurationName = Release;
		};
		CA0FEAFE15D15D3E00A6878F /* Build configuration list for PBXNativeTarget "PopoverEditor" */ = {
			isa = XCConfigurationList;
			buildConfigurations = (
				CA0FEAFF15D15D3E00A6878F /* Debug */,
				CA0FEB0015D15D3E00A6878F /* Release */,
			);
			defaultConfigurationIsVisible = 0;
		};
/* End XCConfigurationList section */
	};
	rootObject = CA0FEAD715D15D3E00A6878F /* Project object */;
}
