// !$*UTF8*$!
{
	archiveVersion = 1;
	classes = {
	};
	objectVersion = 46;
	objects = {

/* Begin PBXBuildFile section */
		275E1BDD14130A0C00D8FBB9 /* UIKit.framework in Frameworks */ = {isa = PBXBuildFile; fileRef = 275E1BDC14130A0C00D8FBB9 /* UIKit.framework */; };
		275E1BDF14130A0C00D8FBB9 /* Foundation.framework in Frameworks */ = {isa = PBXBuildFile; fileRef = 275E1BDE14130A0C00D8FBB9 /* Foundation.framework */; };
		275E1BE114130A0C00D8FBB9 /* CoreGraphics.framework in Frameworks */ = {isa = PBXBuildFile; fileRef = 275E1BE014130A0C00D8FBB9 /* CoreGraphics.framework */; };
		275E1BE714130A0C00D8FBB9 /* InfoPlist.strings in Resources */ = {isa = PBXBuildFile; fileRef = 275E1BE514130A0C00D8FBB9 /* InfoPlist.strings */; };
		275E1BE914130A0C00D8FBB9 /* main.m in Sources */ = {isa = PBXBuildFile; fileRef = 275E1BE814130A0C00D8FBB9 /* main.m */; };
		275E1BED14130A0C00D8FBB9 /* AppDelegate.m in Sources */ = {isa = PBXBuildFile; fileRef = 275E1BEC14130A0C00D8FBB9 /* AppDelegate.m */; };
		275E1BF014130A0C00D8FBB9 /* MainStoryboard.storyboard in Resources */ = {isa = PBXBuildFile; fileRef = 275E1BEE14130A0C00D8FBB9 /* MainStoryboard.storyboard */; };
		275E1BF314130A0C00D8FBB9 /* ViewController.m in Sources */ = {isa = PBXBuildFile; fileRef = 275E1BF214130A0C00D8FBB9 /* ViewController.m */; };
/* End PBXBuildFile section */

/* Begin PBXFileReference section */
		275E1BD814130A0C00D8FBB9 /* Swapper.app */ = {isa = PBXFileReference; explicitFileType = wrapper.application; includeInIndex = 0; path = Swapper.app; sourceTree = BUILT_PRODUCTS_DIR; };
		275E1BDC14130A0C00D8FBB9 /* UIKit.framework */ = {isa = PBXFileReference; lastKnownFileType = wrapper.framework; name = UIKit.framework; path = System/Library/Frameworks/UIKit.framework; sourceTree = SDKROOT; };
		275E1BDE14130A0C00D8FBB9 /* Foundation.framework */ = {isa = PBXFileReference; lastKnownFileType = wrapper.framework; name = Foundation.framework; path = System/Library/Frameworks/Foundation.framework; sourceTree = SDKROOT; };
		275E1BE014130A0C00D8FBB9 /* CoreGraphics.framework */ = {isa = PBXFileReference; lastKnownFileType = wrapper.framework; name = CoreGraphics.framework; path = System/Library/Frameworks/CoreGraphics.framework; sourceTree = SDKROOT; };
		275E1BE414130A0C00D8FBB9 /* Swapper-Info.plist */ = {isa = PBXFileReference; lastKnownFileType = text.plist.xml; path = "Swapper-Info.plist"; sourceTree = "<group>"; };
		275E1BE614130A0C00D8FBB9 /* en */ = {isa = PBXFileReference; lastKnownFileType = text.plist.strings; name = en; path = en.lproj/InfoPlist.strings; sourceTree = "<group>"; };
		275E1BE814130A0C00D8FBB9 /* main.m */ = {isa = PBXFileReference; lastKnownFileType = sourcecode.c.objc; path = main.m; sourceTree = "<group>"; };
		275E1BEA14130A0C00D8FBB9 /* Swapper-Prefix.pch */ = {isa = PBXFileReference; lastKnownFileType = sourcecode.c.h; path = "Swapper-Prefix.pch"; sourceTree = "<group>"; };
		275E1BEB14130A0C00D8FBB9 /* AppDelegate.h */ = {isa = PBXFileReference; lastKnownFileType = sourcecode.c.h; path = AppDelegate.h; sourceTree = "<group>"; };
		275E1BEC14130A0C00D8FBB9 /* AppDelegate.m */ = {isa = PBXFileReference; lastKnownFileType = sourcecode.c.objc; path = AppDelegate.m; sourceTree = "<group>"; };
		275E1BEF14130A0C00D8FBB9 /* en */ = {isa = PBXFileReference; lastKnownFileType = file.storyboard; name = en; path = en.lproj/MainStoryboard.storyboard; sourceTree = "<group>"; };
		275E1BF114130A0C00D8FBB9 /* ViewController.h */ = {isa = PBXFileReference; lastKnownFileType = sourcecode.c.h; path = ViewController.h; sourceTree = "<group>"; };
		275E1BF214130A0C00D8FBB9 /* ViewController.m */ = {isa = PBXFileReference; lastKnownFileType = sourcecode.c.objc; path = ViewController.m; sourceTree = "<group>"; };
/* End PBXFileReference section */

/* Begin PBXFrameworksBuildPhase section */
		275E1BD514130A0C00D8FBB9 /* Frameworks */ = {
			isa = PBXFrameworksBuildPhase;
			buildActionMask = 2147483647;
			files = (
				275E1BDD14130A0C00D8FBB9 /* UIKit.framework in Frameworks */,
				275E1BDF14130A0C00D8FBB9 /* Foundation.framework in Frameworks */,
				275E1BE114130A0C00D8FBB9 /* CoreGraphics.framework in Frameworks */,
			);
			runOnlyForDeploymentPostprocessing = 0;
		};
/* End PBXFrameworksBuildPhase section */

/* Begin PBXGroup section */
		275E1BCD14130A0C00D8FBB9 = {
			isa = PBXGroup;
			children = (
				275E1BE214130A0C00D8FBB9 /* Swapper */,
				275E1BDB14130A0C00D8FBB9 /* Frameworks */,
				275E1BD914130A0C00D8FBB9 /* Products */,
			);
			sourceTree = "<group>";
		};
		275E1BD914130A0C00D8FBB9 /* Products */ = {
			isa = PBXGroup;
			children = (
				275E1BD814130A0C00D8FBB9 /* Swapper.app */,
			);
			name = Products;
			sourceTree = "<group>";
		};
		275E1BDB14130A0C00D8FBB9 /* Frameworks */ = {
			isa = PBXGroup;
			children = (
				275E1BDC14130A0C00D8FBB9 /* UIKit.framework */,
				275E1BDE14130A0C00D8FBB9 /* Foundation.framework */,
				275E1BE014130A0C00D8FBB9 /* CoreGraphics.framework */,
			);
			name = Frameworks;
			sourceTree = "<group>";
		};
		275E1BE214130A0C00D8FBB9 /* Swapper */ = {
			isa = PBXGroup;
			children = (
				275E1BEB14130A0C00D8FBB9 /* AppDelegate.h */,
				275E1BEC14130A0C00D8FBB9 /* AppDelegate.m */,
				275E1BEE14130A0C00D8FBB9 /* MainStoryboard.storyboard */,
				275E1BF114130A0C00D8FBB9 /* ViewController.h */,
				275E1BF214130A0C00D8FBB9 /* ViewController.m */,
				275E1BE314130A0C00D8FBB9 /* Supporting Files */,
			);
			path = Swapper;
			sourceTree = "<group>";
		};
		275E1BE314130A0C00D8FBB9 /* Supporting Files */ = {
			isa = PBXGroup;
			children = (
				275E1BE414130A0C00D8FBB9 /* Swapper-Info.plist */,
				275E1BE514130A0C00D8FBB9 /* InfoPlist.strings */,
				275E1BE814130A0C00D8FBB9 /* main.m */,
				275E1BEA14130A0C00D8FBB9 /* Swapper-Prefix.pch */,
			);
			name = "Supporting Files";
			sourceTree = "<group>";
		};
/* End PBXGroup section */

/* Begin PBXNativeTarget section */
		275E1BD714130A0C00D8FBB9 /* Swapper */ = {
			isa = PBXNativeTarget;
			buildConfigurationList = 275E1BF614130A0C00D8FBB9 /* Build configuration list for PBXNativeTarget "Swapper" */;
			buildPhases = (
				275E1BD414130A0C00D8FBB9 /* Sources */,
				275E1BD514130A0C00D8FBB9 /* Frameworks */,
				275E1BD614130A0C00D8FBB9 /* Resources */,
			);
			buildRules = (
			);
			dependencies = (
			);
			name = Swapper;
			productName = Swapper;
			productReference = 275E1BD814130A0C00D8FBB9 /* Swapper.app */;
			productType = "com.apple.product-type.application";
		};
/* End PBXNativeTarget section */

/* Begin PBXProject section */
		275E1BCF14130A0C00D8FBB9 /* Project object */ = {
			isa = PBXProject;
			attributes = {
				LastUpgradeCheck = 0420;
				ORGANIZATIONNAME = "John E. Ray";
			};
			buildConfigurationList = 275E1BD214130A0C00D8FBB9 /* Build configuration list for PBXProject "Swapper" */;
			compatibilityVersion = "Xcode 3.2";
			developmentRegion = English;
			hasScannedForEncodings = 0;
			knownRegions = (
				en,
			);
			mainGroup = 275E1BCD14130A0C00D8FBB9;
			productRefGroup = 275E1BD914130A0C00D8FBB9 /* Products */;
			projectDirPath = "";
			projectRoot = "";
			targets = (
				275E1BD714130A0C00D8FBB9 /* Swapper */,
			);
		};
/* End PBXProject section */

/* Begin PBXResourcesBuildPhase section */
		275E1BD614130A0C00D8FBB9 /* Resources */ = {
			isa = PBXResourcesBuildPhase;
			buildActionMask = 2147483647;
			files = (
				275E1BE714130A0C00D8FBB9 /* InfoPlist.strings in Resources */,
				275E1BF014130A0C00D8FBB9 /* MainStoryboard.storyboard in Resources */,
			);
			runOnlyForDeploymentPostprocessing = 0;
		};
/* End PBXResourcesBuildPhase section */

/* Begin PBXSourcesBuildPhase section */
		275E1BD414130A0C00D8FBB9 /* Sources */ = {
			isa = PBXSourcesBuildPhase;
			buildActionMask = 2147483647;
			files = (
				275E1BE914130A0C00D8FBB9 /* main.m in Sources */,
				275E1BED14130A0C00D8FBB9 /* AppDelegate.m in Sources */,
				275E1BF314130A0C00D8FBB9 /* ViewController.m in Sources */,
			);
			runOnlyForDeploymentPostprocessing = 0;
		};
/* End PBXSourcesBuildPhase section */

/* Begin PBXVariantGroup section */
		275E1BE514130A0C00D8FBB9 /* InfoPlist.strings */ = {
			isa = PBXVariantGroup;
			children = (
				275E1BE614130A0C00D8FBB9 /* en */,
			);
			name = InfoPlist.strings;
			sourceTree = "<group>";
		};
		275E1BEE14130A0C00D8FBB9 /* MainStoryboard.storyboard */ = {
			isa = PBXVariantGroup;
			children = (
				275E1BEF14130A0C00D8FBB9 /* en */,
			);
			name = MainStoryboard.storyboard;
			sourceTree = "<group>";
		};
/* End PBXVariantGroup section */

/* Begin XCBuildConfiguration section */
		275E1BF414130A0C00D8FBB9 /* Debug */ = {
			isa = XCBuildConfiguration;
			buildSettings = {
				ALWAYS_SEARCH_USER_PATHS = NO;
				ARCHS = "$(ARCHS_STANDARD_32_BIT)";
				CLANG_ENABLE_OBJC_ARC = YES;
				"CODE_SIGN_IDENTITY[sdk=iphoneos*]" = "iPhone Developer";
				COPY_PHASE_STRIP = NO;
				GCC_C_LANGUAGE_STANDARD = gnu99;
				GCC_DYNAMIC_NO_PIC = NO;
				GCC_OPTIMIZATION_LEVEL = 0;
				GCC_PREPROCESSOR_DEFINITIONS = (
					"DEBUG=1",
					"$(inherited)",
				);
				GCC_SYMBOLS_PRIVATE_EXTERN = NO;
				GCC_VERSION = com.apple.compilers.llvm.clang.1_0;
				GCC_WARN_ABOUT_MISSING_PROTOTYPES = YES;
				GCC_WARN_ABOUT_RETURN_TYPE = YES;
				GCC_WARN_UNUSED_VARIABLE = YES;
				IPHONEOS_DEPLOYMENT_TARGET = 5.0;
				SDKROOT = iphoneos;
			};
			name = Debug;
		};
		275E1BF514130A0C00D8FBB9 /* Release */ = {
			isa = XCBuildConfiguration;
			buildSettings = {
				ALWAYS_SEARCH_USER_PATHS = NO;
				ARCHS = "$(ARCHS_STANDARD_32_BIT)";
				CLANG_ENABLE_OBJC_ARC = YES;
				"CODE_SIGN_IDENTITY[sdk=iphoneos*]" = "iPhone Developer";
				COPY_PHASE_STRIP = YES;
				GCC_C_LANGUAGE_STANDARD = gnu99;
				GCC_VERSION = com.apple.compilers.llvm.clang.1_0;
				GCC_WARN_ABOUT_MISSING_PROTOTYPES = YES;
				GCC_WARN_ABOUT_RETURN_TYPE = YES;
				GCC_WARN_UNUSED_VARIABLE = YES;
				IPHONEOS_DEPLOYMENT_TARGET = 5.0;
				OTHER_CFLAGS = "-DNS_BLOCK_ASSERTIONS=1";
				SDKROOT = iphoneos;
				VALIDATE_PRODUCT = YES;
			};
			name = Release;
		};
		275E1BF714130A0C00D8FBB9 /* Debug */ = {
			isa = XCBuildConfiguration;
			buildSettings = {
				GCC_PRECOMPILE_PREFIX_HEADER = YES;
				GCC_PREFIX_HEADER = "Swapper/Swapper-Prefix.pch";
				INFOPLIST_FILE = "Swapper/Swapper-Info.plist";
				PRODUCT_NAME = "$(TARGET_NAME)";
				WRAPPER_EXTENSION = app;
			};
			name = Debug;
		};
		275E1BF814130A0C00D8FBB9 /* Release */ = {
			isa = XCBuildConfiguration;
			buildSettings = {
				GCC_PRECOMPILE_PREFIX_HEADER = YES;
				GCC_PREFIX_HEADER = "Swapper/Swapper-Prefix.pch";
				INFOPLIST_FILE = "Swapper/Swapper-Info.plist";
				PRODUCT_NAME = "$(TARGET_NAME)";
				WRAPPER_EXTENSION = app;
			};
			name = Release;
		};
/* End XCBuildConfiguration section */

/* Begin XCConfigurationList section */
		275E1BD214130A0C00D8FBB9 /* Build configuration list for PBXProject "Swapper" */ = {
			isa = XCConfigurationList;
			buildConfigurations = (
				275E1BF414130A0C00D8FBB9 /* Debug */,
				275E1BF514130A0C00D8FBB9 /* Release */,
			);
			defaultConfigurationIsVisible = 0;
			defaultConfigurationName = Release;
		};
		275E1BF614130A0C00D8FBB9 /* Build configuration list for PBXNativeTarget "Swapper" */ = {
			isa = XCConfigurationList;
			buildConfigurations = (
				275E1BF714130A0C00D8FBB9 /* Debug */,
				275E1BF814130A0C00D8FBB9 /* Release */,
			);
			defaultConfigurationIsVisible = 0;
		};
/* End XCConfigurationList section */
	};
	rootObject = 275E1BCF14130A0C00D8FBB9 /* Project object */;
}
